// !$*UTF8*$!
{
	archiveVersion = 1;
	classes = {
	};
	objectVersion = 50;
	objects = {

/* Begin PBXBuildFile section */
		459B82B021A0CDF700B5080D /* AppDelegate.swift in Sources */ = {isa = PBXBuildFile; fileRef = 459B82AF21A0CDF700B5080D /* AppDelegate.swift */; };
		459B82B721A0CDFA00B5080D /* Assets.xcassets in Resources */ = {isa = PBXBuildFile; fileRef = 459B82B621A0CDFA00B5080D /* Assets.xcassets */; };
		459B82BA21A0CDFA00B5080D /* LaunchScreen.storyboard in Resources */ = {isa = PBXBuildFile; fileRef = 459B82B821A0CDFA00B5080D /* LaunchScreen.storyboard */; };
		459B82C221A0CE4A00B5080D /* TrackpadViewController.swift in Sources */ = {isa = PBXBuildFile; fileRef = 459B82C121A0CE4A00B5080D /* TrackpadViewController.swift */; };
		459B82C421A0D0FB00B5080D /* CentralBluetoothManager.swift in Sources */ = {isa = PBXBuildFile; fileRef = 459B82C321A0D0FB00B5080D /* CentralBluetoothManager.swift */; };
		459F0C8E21A9DEF7003EB931 /* AppDelegate.swift in Sources */ = {isa = PBXBuildFile; fileRef = 459F0C8D21A9DEF7003EB931 /* AppDelegate.swift */; };
		459F0C9021A9DEF7003EB931 /* ViewController.swift in Sources */ = {isa = PBXBuildFile; fileRef = 459F0C8F21A9DEF7003EB931 /* ViewController.swift */; };
		459F0C9221A9DEF8003EB931 /* Assets.xcassets in Resources */ = {isa = PBXBuildFile; fileRef = 459F0C9121A9DEF8003EB931 /* Assets.xcassets */; };
		459F0C9521A9DEF8003EB931 /* Main.storyboard in Resources */ = {isa = PBXBuildFile; fileRef = 459F0C9321A9DEF8003EB931 /* Main.storyboard */; };
		459F0C9B21A9DF9B003EB931 /* PTChannel.m in Sources */ = {isa = PBXBuildFile; fileRef = 45A43DEB21A1EB7D00580C22 /* PTChannel.m */; };
		459F0C9C21A9DF9B003EB931 /* PTProtocol.m in Sources */ = {isa = PBXBuildFile; fileRef = 45A43DE921A1EB7C00580C22 /* PTProtocol.m */; };
		459F0C9D21A9DF9B003EB931 /* PTUSBHub.m in Sources */ = {isa = PBXBuildFile; fileRef = 45A43DEA21A1EB7C00580C22 /* PTUSBHub.m */; };
		459F0C9E21A9DF9B003EB931 /* PTManager.swift in Sources */ = {isa = PBXBuildFile; fileRef = 45A43DE221A1EB2700580C22 /* PTManager.swift */; };
		459F0C9F21A9DF9B003EB931 /* PTHelper.swift in Sources */ = {isa = PBXBuildFile; fileRef = 45A43DF721A1ED8B00580C22 /* PTHelper.swift */; };
		45A43DE321A1EB2700580C22 /* PTManager.swift in Sources */ = {isa = PBXBuildFile; fileRef = 45A43DE221A1EB2700580C22 /* PTManager.swift */; };
		45A43DF121A1EB7D00580C22 /* PTProtocol.m in Sources */ = {isa = PBXBuildFile; fileRef = 45A43DE921A1EB7C00580C22 /* PTProtocol.m */; };
		45A43DF221A1EB7D00580C22 /* PTUSBHub.m in Sources */ = {isa = PBXBuildFile; fileRef = 45A43DEA21A1EB7C00580C22 /* PTUSBHub.m */; };
		45A43DF321A1EB7D00580C22 /* PTChannel.m in Sources */ = {isa = PBXBuildFile; fileRef = 45A43DEB21A1EB7D00580C22 /* PTChannel.m */; };
		45A43DF821A1ED8B00580C22 /* PTHelper.swift in Sources */ = {isa = PBXBuildFile; fileRef = 45A43DF721A1ED8B00580C22 /* PTHelper.swift */; };
		45A43DFA21A1EDC800580C22 /* PTManagerDelegate.swift in Sources */ = {isa = PBXBuildFile; fileRef = 45A43DF921A1EDC800580C22 /* PTManagerDelegate.swift */; };
/* End PBXBuildFile section */

/* Begin PBXFileReference section */
		459B82AC21A0CDF700B5080D /* TrackPad.app */ = {isa = PBXFileReference; explicitFileType = wrapper.application; includeInIndex = 0; path = TrackPad.app; sourceTree = BUILT_PRODUCTS_DIR; };
		459B82AF21A0CDF700B5080D /* AppDelegate.swift */ = {isa = PBXFileReference; lastKnownFileType = sourcecode.swift; path = AppDelegate.swift; sourceTree = "<group>"; };
		459B82B621A0CDFA00B5080D /* Assets.xcassets */ = {isa = PBXFileReference; lastKnownFileType = folder.assetcatalog; path = Assets.xcassets; sourceTree = "<group>"; };
		459B82B921A0CDFA00B5080D /* Base */ = {isa = PBXFileReference; lastKnownFileType = file.storyboard; name = Base; path = Base.lproj/LaunchScreen.storyboard; sourceTree = "<group>"; };
		459B82BB21A0CDFA00B5080D /* Info.plist */ = {isa = PBXFileReference; lastKnownFileType = text.plist.xml; path = Info.plist; sourceTree = "<group>"; };
		459B82C121A0CE4A00B5080D /* TrackpadViewController.swift */ = {isa = PBXFileReference; lastKnownFileType = sourcecode.swift; path = TrackpadViewController.swift; sourceTree = "<group>"; };
		459B82C321A0D0FB00B5080D /* CentralBluetoothManager.swift */ = {isa = PBXFileReference; lastKnownFileType = sourcecode.swift; path = CentralBluetoothManager.swift; sourceTree = "<group>"; };
		459F0C8B21A9DEF7003EB931 /* TrackpadMac.app */ = {isa = PBXFileReference; explicitFileType = wrapper.application; includeInIndex = 0; path = TrackpadMac.app; sourceTree = BUILT_PRODUCTS_DIR; };
		459F0C8D21A9DEF7003EB931 /* AppDelegate.swift */ = {isa = PBXFileReference; lastKnownFileType = sourcecode.swift; path = AppDelegate.swift; sourceTree = "<group>"; };
		459F0C8F21A9DEF7003EB931 /* ViewController.swift */ = {isa = PBXFileReference; lastKnownFileType = sourcecode.swift; path = ViewController.swift; sourceTree = "<group>"; };
		459F0C9121A9DEF8003EB931 /* Assets.xcassets */ = {isa = PBXFileReference; lastKnownFileType = folder.assetcatalog; path = Assets.xcassets; sourceTree = "<group>"; };
		459F0C9421A9DEF8003EB931 /* Base */ = {isa = PBXFileReference; lastKnownFileType = file.storyboard; name = Base; path = Base.lproj/Main.storyboard; sourceTree = "<group>"; };
		459F0C9621A9DEF8003EB931 /* Info.plist */ = {isa = PBXFileReference; lastKnownFileType = text.plist.xml; path = Info.plist; sourceTree = "<group>"; };
		45A43DE221A1EB2700580C22 /* PTManager.swift */ = {isa = PBXFileReference; lastKnownFileType = sourcecode.swift; path = PTManager.swift; sourceTree = "<group>"; };
		45A43DE621A1EB7C00580C22 /* PTChannel.h */ = {isa = PBXFileReference; fileEncoding = 4; lastKnownFileType = sourcecode.c.h; path = PTChannel.h; sourceTree = "<group>"; };
		45A43DE721A1EB7C00580C22 /* prefix.pch */ = {isa = PBXFileReference; fileEncoding = 4; lastKnownFileType = sourcecode.c.h; path = prefix.pch; sourceTree = "<group>"; };
		45A43DE821A1EB7C00580C22 /* PTPrivate.h */ = {isa = PBXFileReference; fileEncoding = 4; lastKnownFileType = sourcecode.c.h; path = PTPrivate.h; sourceTree = "<group>"; };
		45A43DE921A1EB7C00580C22 /* PTProtocol.m */ = {isa = PBXFileReference; fileEncoding = 4; lastKnownFileType = sourcecode.c.objc; path = PTProtocol.m; sourceTree = "<group>"; };
		45A43DEA21A1EB7C00580C22 /* PTUSBHub.m */ = {isa = PBXFileReference; fileEncoding = 4; lastKnownFileType = sourcecode.c.objc; path = PTUSBHub.m; sourceTree = "<group>"; };
		45A43DEB21A1EB7D00580C22 /* PTChannel.m */ = {isa = PBXFileReference; fileEncoding = 4; lastKnownFileType = sourcecode.c.objc; path = PTChannel.m; sourceTree = "<group>"; };
		45A43DEC21A1EB7D00580C22 /* Info.plist */ = {isa = PBXFileReference; fileEncoding = 4; lastKnownFileType = text.plist.xml; path = Info.plist; sourceTree = "<group>"; };
		45A43DED21A1EB7D00580C22 /* PTProtocol.h */ = {isa = PBXFileReference; fileEncoding = 4; lastKnownFileType = sourcecode.c.h; path = PTProtocol.h; sourceTree = "<group>"; };
		45A43DEE21A1EB7D00580C22 /* PTUSBHub.h */ = {isa = PBXFileReference; fileEncoding = 4; lastKnownFileType = sourcecode.c.h; path = PTUSBHub.h; sourceTree = "<group>"; };
		45A43DEF21A1EB7D00580C22 /* Peertalk.h */ = {isa = PBXFileReference; fileEncoding = 4; lastKnownFileType = sourcecode.c.h; path = Peertalk.h; sourceTree = "<group>"; };
		45A43DF021A1EB7D00580C22 /* LICENSE.txt */ = {isa = PBXFileReference; fileEncoding = 4; lastKnownFileType = text; path = LICENSE.txt; sourceTree = "<group>"; };
		45A43DF621A1EBB800580C22 /* Peertalk-Bridging-Header.h */ = {isa = PBXFileReference; lastKnownFileType = sourcecode.c.h; path = "Peertalk-Bridging-Header.h"; sourceTree = "<group>"; };
		45A43DF721A1ED8B00580C22 /* PTHelper.swift */ = {isa = PBXFileReference; lastKnownFileType = sourcecode.swift; path = PTHelper.swift; sourceTree = "<group>"; };
		45A43DF921A1EDC800580C22 /* PTManagerDelegate.swift */ = {isa = PBXFileReference; lastKnownFileType = sourcecode.swift; path = PTManagerDelegate.swift; sourceTree = "<group>"; };
/* End PBXFileReference section */

/* Begin PBXFrameworksBuildPhase section */
		459B82A921A0CDF700B5080D /* Frameworks */ = {
			isa = PBXFrameworksBuildPhase;
			buildActionMask = 2147483647;
			files = (
			);
			runOnlyForDeploymentPostprocessing = 0;
		};
		459F0C8821A9DEF7003EB931 /* Frameworks */ = {
			isa = PBXFrameworksBuildPhase;
			buildActionMask = 2147483647;
			files = (
			);
			runOnlyForDeploymentPostprocessing = 0;
		};
/* End PBXFrameworksBuildPhase section */

/* Begin PBXGroup section */
		459B82A321A0CDF700B5080D = {
			isa = PBXGroup;
			children = (
				45A43DE521A1EB7000580C22 /* peertalk */,
				45A43DF621A1EBB800580C22 /* Peertalk-Bridging-Header.h */,
				45A43DE221A1EB2700580C22 /* PTManager.swift */,
				45A43DF721A1ED8B00580C22 /* PTHelper.swift */,
				459B82AE21A0CDF700B5080D /* TrackPad */,
				459F0C8C21A9DEF7003EB931 /* TrackpadMac */,
				459B82AD21A0CDF700B5080D /* Products */,
			);
			sourceTree = "<group>";
		};
		459B82AD21A0CDF700B5080D /* Products */ = {
			isa = PBXGroup;
			children = (
				459B82AC21A0CDF700B5080D /* TrackPad.app */,
				459F0C8B21A9DEF7003EB931 /* TrackpadMac.app */,
			);
			name = Products;
			sourceTree = "<group>";
		};
		459B82AE21A0CDF700B5080D /* TrackPad */ = {
			isa = PBXGroup;
			children = (
				459B82AF21A0CDF700B5080D /* AppDelegate.swift */,
				459B82C121A0CE4A00B5080D /* TrackpadViewController.swift */,
				45A43DF921A1EDC800580C22 /* PTManagerDelegate.swift */,
				459B82C321A0D0FB00B5080D /* CentralBluetoothManager.swift */,
				459B82B621A0CDFA00B5080D /* Assets.xcassets */,
				459B82B821A0CDFA00B5080D /* LaunchScreen.storyboard */,
				459B82BB21A0CDFA00B5080D /* Info.plist */,
			);
			path = TrackPad;
			sourceTree = "<group>";
		};
		459F0C8C21A9DEF7003EB931 /* TrackpadMac */ = {
			isa = PBXGroup;
			children = (
				459F0C8D21A9DEF7003EB931 /* AppDelegate.swift */,
				459F0C8F21A9DEF7003EB931 /* ViewController.swift */,
				459F0C9121A9DEF8003EB931 /* Assets.xcassets */,
				459F0C9321A9DEF8003EB931 /* Main.storyboard */,
				459F0C9621A9DEF8003EB931 /* Info.plist */,
			);
			path = TrackpadMac;
			sourceTree = "<group>";
		};
		45A43DE521A1EB7000580C22 /* peertalk */ = {
			isa = PBXGroup;
			children = (
				45A43DEC21A1EB7D00580C22 /* Info.plist */,
				45A43DF021A1EB7D00580C22 /* LICENSE.txt */,
				45A43DEF21A1EB7D00580C22 /* Peertalk.h */,
				45A43DE721A1EB7C00580C22 /* prefix.pch */,
				45A43DE621A1EB7C00580C22 /* PTChannel.h */,
				45A43DEB21A1EB7D00580C22 /* PTChannel.m */,
				45A43DE821A1EB7C00580C22 /* PTPrivate.h */,
				45A43DED21A1EB7D00580C22 /* PTProtocol.h */,
				45A43DE921A1EB7C00580C22 /* PTProtocol.m */,
				45A43DEE21A1EB7D00580C22 /* PTUSBHub.h */,
				45A43DEA21A1EB7C00580C22 /* PTUSBHub.m */,
			);
			path = peertalk;
			sourceTree = "<group>";
		};
/* End PBXGroup section */

/* Begin PBXNativeTarget section */
		459B82AB21A0CDF700B5080D /* TrackPad */ = {
			isa = PBXNativeTarget;
			buildConfigurationList = 459B82BE21A0CDFA00B5080D /* Build configuration list for PBXNativeTarget "TrackPad" */;
			buildPhases = (
				459B82A821A0CDF700B5080D /* Sources */,
				459B82A921A0CDF700B5080D /* Frameworks */,
				459B82AA21A0CDF700B5080D /* Resources */,
			);
			buildRules = (
			);
			dependencies = (
			);
			name = TrackPad;
			productName = TrackPad;
			productReference = 459B82AC21A0CDF700B5080D /* TrackPad.app */;
			productType = "com.apple.product-type.application";
		};
		459F0C8A21A9DEF7003EB931 /* TrackpadMac */ = {
			isa = PBXNativeTarget;
			buildConfigurationList = 459F0C9821A9DEF8003EB931 /* Build configuration list for PBXNativeTarget "TrackpadMac" */;
			buildPhases = (
				459F0C8721A9DEF7003EB931 /* Sources */,
				459F0C8821A9DEF7003EB931 /* Frameworks */,
				459F0C8921A9DEF7003EB931 /* Resources */,
			);
			buildRules = (
			);
			dependencies = (
			);
			name = TrackpadMac;
			productName = TrackpadMac;
			productReference = 459F0C8B21A9DEF7003EB931 /* TrackpadMac.app */;
			productType = "com.apple.product-type.application";
		};
/* End PBXNativeTarget section */

/* Begin PBXProject section */
		459B82A421A0CDF700B5080D /* Project object */ = {
			isa = PBXProject;
			attributes = {
				LastSwiftUpdateCheck = 1010;
				LastUpgradeCheck = 1010;
				ORGANIZATIONNAME = "Søren Møller Gade Hansen";
				TargetAttributes = {
					459B82AB21A0CDF700B5080D = {
						CreatedOnToolsVersion = 10.1;
					};
					459F0C8A21A9DEF7003EB931 = {
						CreatedOnToolsVersion = 10.1;
					};
				};
			};
			buildConfigurationList = 459B82A721A0CDF700B5080D /* Build configuration list for PBXProject "TrackPad" */;
			compatibilityVersion = "Xcode 9.3";
			developmentRegion = en;
			hasScannedForEncodings = 0;
			knownRegions = (
				en,
				Base,
			);
			mainGroup = 459B82A321A0CDF700B5080D;
			productRefGroup = 459B82AD21A0CDF700B5080D /* Products */;
			projectDirPath = "";
			projectRoot = "";
			targets = (
				459B82AB21A0CDF700B5080D /* TrackPad */,
				459F0C8A21A9DEF7003EB931 /* TrackpadMac */,
			);
		};
/* End PBXProject section */

/* Begin PBXResourcesBuildPhase section */
		459B82AA21A0CDF700B5080D /* Resources */ = {
			isa = PBXResourcesBuildPhase;
			buildActionMask = 2147483647;
			files = (
				459B82BA21A0CDFA00B5080D /* LaunchScreen.storyboard in Resources */,
				459B82B721A0CDFA00B5080D /* Assets.xcassets in Resources */,
			);
			runOnlyForDeploymentPostprocessing = 0;
		};
		459F0C8921A9DEF7003EB931 /* Resources */ = {
			isa = PBXResourcesBuildPhase;
			buildActionMask = 2147483647;
			files = (
				459F0C9221A9DEF8003EB931 /* Assets.xcassets in Resources */,
				459F0C9521A9DEF8003EB931 /* Main.storyboard in Resources */,
			);
			runOnlyForDeploymentPostprocessing = 0;
		};
/* End PBXResourcesBuildPhase section */

/* Begin PBXSourcesBuildPhase section */
		459B82A821A0CDF700B5080D /* Sources */ = {
			isa = PBXSourcesBuildPhase;
			buildActionMask = 2147483647;
			files = (
				459B82C221A0CE4A00B5080D /* TrackpadViewController.swift in Sources */,
				45A43DE321A1EB2700580C22 /* PTManager.swift in Sources */,
				45A43DF321A1EB7D00580C22 /* PTChannel.m in Sources */,
				459B82B021A0CDF700B5080D /* AppDelegate.swift in Sources */,
				459B82C421A0D0FB00B5080D /* CentralBluetoothManager.swift in Sources */,
				45A43DFA21A1EDC800580C22 /* PTManagerDelegate.swift in Sources */,
				45A43DF821A1ED8B00580C22 /* PTHelper.swift in Sources */,
				45A43DF221A1EB7D00580C22 /* PTUSBHub.m in Sources */,
				45A43DF121A1EB7D00580C22 /* PTProtocol.m in Sources */,
			);
			runOnlyForDeploymentPostprocessing = 0;
		};
		459F0C8721A9DEF7003EB931 /* Sources */ = {
			isa = PBXSourcesBuildPhase;
			buildActionMask = 2147483647;
			files = (
				459F0C9B21A9DF9B003EB931 /* PTChannel.m in Sources */,
				459F0C9C21A9DF9B003EB931 /* PTProtocol.m in Sources */,
				459F0C9D21A9DF9B003EB931 /* PTUSBHub.m in Sources */,
				459F0C9E21A9DF9B003EB931 /* PTManager.swift in Sources */,
				459F0C9F21A9DF9B003EB931 /* PTHelper.swift in Sources */,
				459F0C9021A9DEF7003EB931 /* ViewController.swift in Sources */,
				459F0C8E21A9DEF7003EB931 /* AppDelegate.swift in Sources */,
			);
			runOnlyForDeploymentPostprocessing = 0;
		};
/* End PBXSourcesBuildPhase section */

/* Begin PBXVariantGroup section */
		459B82B821A0CDFA00B5080D /* LaunchScreen.storyboard */ = {
			isa = PBXVariantGroup;
			children = (
				459B82B921A0CDFA00B5080D /* Base */,
			);
			name = LaunchScreen.storyboard;
			sourceTree = "<group>";
		};
		459F0C9321A9DEF8003EB931 /* Main.storyboard */ = {
			isa = PBXVariantGroup;
			children = (
				459F0C9421A9DEF8003EB931 /* Base */,
			);
			name = Main.storyboard;
			sourceTree = "<group>";
		};
/* End PBXVariantGroup section */

/* Begin XCBuildConfiguration section */
		459B82BC21A0CDFA00B5080D /* Debug */ = {
			isa = XCBuildConfiguration;
			buildSettings = {
				ALWAYS_SEARCH_USER_PATHS = NO;
				CLANG_ANALYZER_NONNULL = YES;
				CLANG_ANALYZER_NUMBER_OBJECT_CONVERSION = YES_AGGRESSIVE;
				CLANG_CXX_LANGUAGE_STANDARD = "gnu++14";
				CLANG_CXX_LIBRARY = "libc++";
				CLANG_ENABLE_MODULES = YES;
				CLANG_ENABLE_OBJC_ARC = YES;
				CLANG_ENABLE_OBJC_WEAK = NO;
				CLANG_WARN_BLOCK_CAPTURE_AUTORELEASING = YES;
				CLANG_WARN_BOOL_CONVERSION = YES;
				CLANG_WARN_COMMA = YES;
				CLANG_WARN_CONSTANT_CONVERSION = YES;
				CLANG_WARN_DEPRECATED_OBJC_IMPLEMENTATIONS = YES;
				CLANG_WARN_DIRECT_OBJC_ISA_USAGE = YES_ERROR;
				CLANG_WARN_DOCUMENTATION_COMMENTS = YES;
				CLANG_WARN_EMPTY_BODY = YES;
				CLANG_WARN_ENUM_CONVERSION = YES;
				CLANG_WARN_INFINITE_RECURSION = YES;
				CLANG_WARN_INT_CONVERSION = YES;
				CLANG_WARN_NON_LITERAL_NULL_CONVERSION = YES;
				CLANG_WARN_OBJC_IMPLICIT_RETAIN_SELF = YES;
				CLANG_WARN_OBJC_LITERAL_CONVERSION = YES;
				CLANG_WARN_OBJC_ROOT_CLASS = YES_ERROR;
				CLANG_WARN_RANGE_LOOP_ANALYSIS = YES;
				CLANG_WARN_STRICT_PROTOTYPES = YES;
				CLANG_WARN_SUSPICIOUS_MOVE = YES;
				CLANG_WARN_UNGUARDED_AVAILABILITY = YES_AGGRESSIVE;
				CLANG_WARN_UNREACHABLE_CODE = YES;
				CLANG_WARN__DUPLICATE_METHOD_MATCH = YES;
				CODE_SIGN_IDENTITY = "iPhone Developer";
				COPY_PHASE_STRIP = NO;
				DEBUG_INFORMATION_FORMAT = dwarf;
				ENABLE_STRICT_OBJC_MSGSEND = YES;
				ENABLE_TESTABILITY = YES;
				GCC_C_LANGUAGE_STANDARD = gnu11;
				GCC_DYNAMIC_NO_PIC = NO;
				GCC_NO_COMMON_BLOCKS = YES;
				GCC_OPTIMIZATION_LEVEL = 0;
				GCC_PREPROCESSOR_DEFINITIONS = (
					"DEBUG=1",
					"$(inherited)",
				);
				GCC_WARN_64_TO_32_BIT_CONVERSION = YES;
				GCC_WARN_ABOUT_RETURN_TYPE = YES_ERROR;
				GCC_WARN_UNDECLARED_SELECTOR = YES;
				GCC_WARN_UNINITIALIZED_AUTOS = YES_AGGRESSIVE;
				GCC_WARN_UNUSED_FUNCTION = YES;
				GCC_WARN_UNUSED_VARIABLE = YES;
				IPHONEOS_DEPLOYMENT_TARGET = 12.1;
				MTL_ENABLE_DEBUG_INFO = INCLUDE_SOURCE;
				MTL_FAST_MATH = YES;
				ONLY_ACTIVE_ARCH = YES;
				SDKROOT = iphoneos;
				SWIFT_ACTIVE_COMPILATION_CONDITIONS = DEBUG;
				SWIFT_OPTIMIZATION_LEVEL = "-Onone";
			};
			name = Debug;
		};
		459B82BD21A0CDFA00B5080D /* Release */ = {
			isa = XCBuildConfiguration;
			buildSettings = {
				ALWAYS_SEARCH_USER_PATHS = NO;
				CLANG_ANALYZER_NONNULL = YES;
				CLANG_ANALYZER_NUMBER_OBJECT_CONVERSION = YES_AGGRESSIVE;
				CLANG_CXX_LANGUAGE_STANDARD = "gnu++14";
				CLANG_CXX_LIBRARY = "libc++";
				CLANG_ENABLE_MODULES = YES;
				CLANG_ENABLE_OBJC_ARC = YES;
				CLANG_ENABLE_OBJC_WEAK = NO;
				CLANG_WARN_BLOCK_CAPTURE_AUTORELEASING = YES;
				CLANG_WARN_BOOL_CONVERSION = YES;
				CLANG_WARN_COMMA = YES;
				CLANG_WARN_CONSTANT_CONVERSION = YES;
				CLANG_WARN_DEPRECATED_OBJC_IMPLEMENTATIONS = YES;
				CLANG_WARN_DIRECT_OBJC_ISA_USAGE = YES_ERROR;
				CLANG_WARN_DOCUMENTATION_COMMENTS = YES;
				CLANG_WARN_EMPTY_BODY = YES;
				CLANG_WARN_ENUM_CONVERSION = YES;
				CLANG_WARN_INFINITE_RECURSION = YES;
				CLANG_WARN_INT_CONVERSION = YES;
				CLANG_WARN_NON_LITERAL_NULL_CONVERSION = YES;
				CLANG_WARN_OBJC_IMPLICIT_RETAIN_SELF = YES;
				CLANG_WARN_OBJC_LITERAL_CONVERSION = YES;
				CLANG_WARN_OBJC_ROOT_CLASS = YES_ERROR;
				CLANG_WARN_RANGE_LOOP_ANALYSIS = YES;
				CLANG_WARN_STRICT_PROTOTYPES = YES;
				CLANG_WARN_SUSPICIOUS_MOVE = YES;
				CLANG_WARN_UNGUARDED_AVAILABILITY = YES_AGGRESSIVE;
				CLANG_WARN_UNREACHABLE_CODE = YES;
				CLANG_WARN__DUPLICATE_METHOD_MATCH = YES;
				CODE_SIGN_IDENTITY = "iPhone Developer";
				COPY_PHASE_STRIP = NO;
				DEBUG_INFORMATION_FORMAT = "dwarf-with-dsym";
				ENABLE_NS_ASSERTIONS = NO;
				ENABLE_STRICT_OBJC_MSGSEND = YES;
				GCC_C_LANGUAGE_STANDARD = gnu11;
				GCC_NO_COMMON_BLOCKS = YES;
				GCC_WARN_64_TO_32_BIT_CONVERSION = YES;
				GCC_WARN_ABOUT_RETURN_TYPE = YES_ERROR;
				GCC_WARN_UNDECLARED_SELECTOR = YES;
				GCC_WARN_UNINITIALIZED_AUTOS = YES_AGGRESSIVE;
				GCC_WARN_UNUSED_FUNCTION = YES;
				GCC_WARN_UNUSED_VARIABLE = YES;
				IPHONEOS_DEPLOYMENT_TARGET = 12.1;
				MTL_ENABLE_DEBUG_INFO = NO;
				MTL_FAST_MATH = YES;
				SDKROOT = iphoneos;
				SWIFT_COMPILATION_MODE = wholemodule;
				SWIFT_OPTIMIZATION_LEVEL = "-O";
				VALIDATE_PRODUCT = YES;
			};
			name = Release;
		};
		459B82BF21A0CDFA00B5080D /* Debug */ = {
			isa = XCBuildConfiguration;
			buildSettings = {
				ASSETCATALOG_COMPILER_APPICON_NAME = AppIcon;
				CODE_SIGN_STYLE = Automatic;
				DEVELOPMENT_TEAM = 843KUTQ45Z;
				INFOPLIST_FILE = TrackPad/Info.plist;
				LD_RUNPATH_SEARCH_PATHS = (
					"$(inherited)",
					"@executable_path/Frameworks",
				);
				ONLY_ACTIVE_ARCH = NO;
				PRODUCT_BUNDLE_IDENTIFIER = soren.moller.TrackPad;
				PRODUCT_NAME = "$(TARGET_NAME)";
				SWIFT_OBJC_BRIDGING_HEADER = "Peertalk-Bridging-Header.h";
				SWIFT_VERSION = 4.2;
				TARGETED_DEVICE_FAMILY = "1,2";
			};
			name = Debug;
		};
		459B82C021A0CDFA00B5080D /* Release */ = {
			isa = XCBuildConfiguration;
			buildSettings = {
				ASSETCATALOG_COMPILER_APPICON_NAME = AppIcon;
				CODE_SIGN_STYLE = Automatic;
				DEVELOPMENT_TEAM = 843KUTQ45Z;
				INFOPLIST_FILE = TrackPad/Info.plist;
				LD_RUNPATH_SEARCH_PATHS = (
					"$(inherited)",
					"@executable_path/Frameworks",
				);
				ONLY_ACTIVE_ARCH = NO;
				PRODUCT_BUNDLE_IDENTIFIER = soren.moller.TrackPad;
				PRODUCT_NAME = "$(TARGET_NAME)";
				SWIFT_OBJC_BRIDGING_HEADER = "Peertalk-Bridging-Header.h";
				SWIFT_VERSION = 4.2;
				TARGETED_DEVICE_FAMILY = "1,2";
			};
			name = Release;
		};
		459F0C9921A9DEF8003EB931 /* Debug */ = {
			isa = XCBuildConfiguration;
			buildSettings = {
				ASSETCATALOG_COMPILER_APPICON_NAME = AppIcon;
				CLANG_ENABLE_OBJC_WEAK = YES;
				CODE_SIGN_ENTITLEMENTS = "";
				CODE_SIGN_IDENTITY = "Mac Developer";
				CODE_SIGN_STYLE = Automatic;
				COMBINE_HIDPI_IMAGES = YES;
				DEVELOPMENT_TEAM = 843KUTQ45Z;
				INFOPLIST_FILE = TrackpadMac/Info.plist;
				LD_RUNPATH_SEARCH_PATHS = (
					"$(inherited)",
					"@executable_path/../Frameworks",
				);
				MACOSX_DEPLOYMENT_TARGET = 10.14;
				PRODUCT_BUNDLE_IDENTIFIER = soren.moller.TrackpadMac;
				PRODUCT_NAME = "$(TARGET_NAME)";
				SDKROOT = macosx;
				SWIFT_OBJC_BRIDGING_HEADER = "Peertalk-Bridging-Header.h";
				SWIFT_PRECOMPILE_BRIDGING_HEADER = YES;
				SWIFT_VERSION = 4.2;
			};
			name = Debug;
		};
		459F0C9A21A9DEF8003EB931 /* Release */ = {
			isa = XCBuildConfiguration;
			buildSettings = {
				ASSETCATALOG_COMPILER_APPICON_NAME = AppIcon;
				CLANG_ENABLE_OBJC_WEAK = YES;
				CODE_SIGN_ENTITLEMENTS = "";
				CODE_SIGN_IDENTITY = "Mac Developer";
				CODE_SIGN_STYLE = Automatic;
				COMBINE_HIDPI_IMAGES = YES;
				DEVELOPMENT_TEAM = 843KUTQ45Z;
				INFOPLIST_FILE = TrackpadMac/Info.plist;
				LD_RUNPATH_SEARCH_PATHS = (
					"$(inherited)",
					"@executable_path/../Frameworks",
				);
				MACOSX_DEPLOYMENT_TARGET = 10.14;
				PRODUCT_BUNDLE_IDENTIFIER = soren.moller.TrackpadMac;
				PRODUCT_NAME = "$(TARGET_NAME)";
				SDKROOT = macosx;
				SWIFT_OBJC_BRIDGING_HEADER = "Peertalk-Bridging-Header.h";
				SWIFT_PRECOMPILE_BRIDGING_HEADER = YES;
				SWIFT_VERSION = 4.2;
			};
			name = Release;
		};
/* End XCBuildConfiguration section */

/* Begin XCConfigurationList section */
		459B82A721A0CDF700B5080D /* Build configuration list for PBXProject "TrackPad" */ = {
			isa = XCConfigurationList;
			buildConfigurations = (
				459B82BC21A0CDFA00B5080D /* Debug */,
				459B82BD21A0CDFA00B5080D /* Release */,
			);
			defaultConfigurationIsVisible = 0;
			defaultConfigurationName = Release;
		};
		459B82BE21A0CDFA00B5080D /* Build configuration list for PBXNativeTarget "TrackPad" */ = {
			isa = XCConfigurationList;
			buildConfigurations = (
				459B82BF21A0CDFA00B5080D /* Debug */,
				459B82C021A0CDFA00B5080D /* Release */,
			);
			defaultConfigurationIsVisible = 0;
			defaultConfigurationName = Release;
		};
		459F0C9821A9DEF8003EB931 /* Build configuration list for PBXNativeTarget "TrackpadMac" */ = {
			isa = XCConfigurationList;
			buildConfigurations = (
				459F0C9921A9DEF8003EB931 /* Debug */,
				459F0C9A21A9DEF8003EB931 /* Release */,
			);
			defaultConfigurationIsVisible = 0;
			defaultConfigurationName = Release;
		};
/* End XCConfigurationList section */
	};
	rootObject = 459B82A421A0CDF700B5080D /* Project object */;
}
